
Microsoft Visual Studio Solution File, Format Version 12.00
# Visual Studio Version 17
VisualStudioVersion = 17.1.32228.430
MinimumVisualStudioVersion = 10.0.40219.1
Project("{FAE04EC0-301F-11D3-BF4B-00C04F79EFBC}") = "ProyectoCRPCC", "ProyectoCRPCC\ProyectoCRPCC.csproj", "{CA2C984F-08B6-46E1-A06E-EE55C9CD2B97}"
EndProject
Project("{FAE04EC0-301F-11D3-BF4B-00C04F79EFBC}") = "ProyectoCRPCC.Models", "ProyectoCRPCC.Models\ProyectoCRPCC.Models.csproj", "{152E934B-AA58-4C68-8857-8178EB7EC650}"
EndProject
Project("{FAE04EC0-301F-11D3-BF4B-00C04F79EFBC}") = "ProyectoCRPCC.Data", "ProyectoCRPCC.Data\ProyectoCRPCC.Data.csproj", "{FF32F8E2-467A-4A6D-8B10-636DD26E7DF5}"
EndProject
Project("{FAE04EC0-301F-11D3-BF4B-00C04F79EFBC}") = "ProyectoCRPCC.Utilities", "ProyectoCRPCC.Utilities\ProyectoCRPCC.Utilities.csproj", "{F2EA968F-FE08-4198-9A9E-30331A1CC7FD}"
EndProject
Global
	GlobalSection(SolutionConfigurationPlatforms) = preSolution
		Debug|Any CPU = Debug|Any CPU
		Release|Any CPU = Release|Any CPU
	EndGlobalSection
	GlobalSection(ProjectConfigurationPlatforms) = postSolution
		{CA2C984F-08B6-46E1-A06E-EE55C9CD2B97}.Debug|Any CPU.ActiveCfg = Debug|Any CPU
		{CA2C984F-08B6-46E1-A06E-EE55C9CD2B97}.Debug|Any CPU.Build.0 = Debug|Any CPU
		{CA2C984F-08B6-46E1-A06E-EE55C9CD2B97}.Release|Any CPU.ActiveCfg = Release|Any CPU
		{CA2C984F-08B6-46E1-A06E-EE55C9CD2B97}.Release|Any CPU.Build.0 = Release|Any CPU
		{152E934B-AA58-4C68-8857-8178EB7EC650}.Debug|Any CPU.ActiveCfg = Debug|Any CPU
		{152E934B-AA58-4C68-8857-8178EB7EC650}.Debug|Any CPU.Build.0 = Debug|Any CPU
		{152E934B-AA58-4C68-8857-8178EB7EC650}.Release|Any CPU.ActiveCfg = Release|Any CPU
		{152E934B-AA58-4C68-8857-8178EB7EC650}.Release|Any CPU.Build.0 = Release|Any CPU
		{FF32F8E2-467A-4A6D-8B10-636DD26E7DF5}.Debug|Any CPU.ActiveCfg = Debug|Any CPU
		{FF32F8E2-467A-4A6D-8B10-636DD26E7DF5}.Debug|Any CPU.Build.0 = Debug|Any CPU
		{FF32F8E2-467A-4A6D-8B10-636DD26E7DF5}.Release|Any CPU.ActiveCfg = Release|Any CPU
		{FF32F8E2-467A-4A6D-8B10-636DD26E7DF5}.Release|Any CPU.Build.0 = Release|Any CPU
		{F2EA968F-FE08-4198-9A9E-30331A1CC7FD}.Debug|Any CPU.ActiveCfg = Debug|Any CPU
		{F2EA968F-FE08-4198-9A9E-30331A1CC7FD}.Debug|Any CPU.Build.0 = Debug|Any CPU
		{F2EA968F-FE08-4198-9A9E-30331A1CC7FD}.Release|Any CPU.ActiveCfg = Release|Any CPU
		{F2EA968F-FE08-4198-9A9E-30331A1CC7FD}.Release|Any CPU.Build.0 = Release|Any CPU
	EndGlobalSection
	GlobalSection(SolutionProperties) = preSolution
		HideSolutionNode = FALSE
	EndGlobalSection
	GlobalSection(ExtensibilityGlobals) = postSolution
		SolutionGuid = {0898D403-19E8-4DD4-B5B0-119B623CE1E2}
	EndGlobalSection
EndGlobal
